
Microsoft Visual Studio Solution File, Format Version 12.00
# Visual Studio 15
VisualStudioVersion = 15.0.27004.2006
MinimumVisualStudioVersion = 10.0.40219.1
Project("{FAE04EC0-301F-11D3-BF4B-00C04F79EFBC}") = "FiboSnake", "FiboSnake\FiboSnake.csproj", "{1C7F1223-5CEE-4F67-9AC8-DDF87BC26507}"
EndProject
Global
	GlobalSection(SolutionConfigurationPlatforms) = preSolution
		Debug|Any CPU = Debug|Any CPU
		Release|Any CPU = Release|Any CPU
	EndGlobalSection
	GlobalSection(ProjectConfigurationPlatforms) = postSolution
		{1C7F1223-5CEE-4F67-9AC8-DDF87BC26507}.Debug|Any CPU.ActiveCfg = Debug|Any CPU
		{1C7F1223-5CEE-4F67-9AC8-DDF87BC26507}.Debug|Any CPU.Build.0 = Debug|Any CPU
		{1C7F1223-5CEE-4F67-9AC8-DDF87BC26507}.Release|Any CPU.ActiveCfg = Release|Any CPU
		{1C7F1223-5CEE-4F67-9AC8-DDF87BC26507}.Release|Any CPU.Build.0 = Release|Any CPU
	EndGlobalSection
	GlobalSection(SolutionProperties) = preSolution
		HideSolutionNode = FALSE
	EndGlobalSection
	GlobalSection(ExtensibilityGlobals) = postSolution
		SolutionGuid = {D6C7DF63-7BF4-4359-80EA-4B71D030748B}
	EndGlobalSection
EndGlobal
